// !$*UTF8*$!
{
	archiveVersion = 1;
	classes = {
	};
	objectVersion = 55;
	objects = {

/* Begin PBXBuildFile section */
		0124982128AD75D1001C2229 /* SDButtonComponent.swift in Sources */ = {isa = PBXBuildFile; fileRef = 0124982028AD75D1001C2229 /* SDButtonComponent.swift */; };
		0124982328AD798C001C2229 /* SDHeaderComponent.swift in Sources */ = {isa = PBXBuildFile; fileRef = 0124982228AD798C001C2229 /* SDHeaderComponent.swift */; };
		0124982528AD7C3A001C2229 /* SDNavigationAction.swift in Sources */ = {isa = PBXBuildFile; fileRef = 0124982428AD7C3A001C2229 /* SDNavigationAction.swift */; };
		0124982D28AD7EE8001C2229 /* SDActionType.swift in Sources */ = {isa = PBXBuildFile; fileRef = 0124982C28AD7EE8001C2229 /* SDActionType.swift */; };
		0124982F28AD7EFA001C2229 /* SDAnyAction.swift in Sources */ = {isa = PBXBuildFile; fileRef = 0124982E28AD7EF9001C2229 /* SDAnyAction.swift */; };
		0124983128AD7F09001C2229 /* SDAction.swift in Sources */ = {isa = PBXBuildFile; fileRef = 0124983028AD7F09001C2229 /* SDAction.swift */; };
		0149C55728AB016D00A51301 /* SDServiceCarouselComponent.swift in Sources */ = {isa = PBXBuildFile; fileRef = 0149C55628AB016D00A51301 /* SDServiceCarouselComponent.swift */; };
		0149C55928AB094200A51301 /* SDSpacerComponent.swift in Sources */ = {isa = PBXBuildFile; fileRef = 0149C55828AB094200A51301 /* SDSpacerComponent.swift */; };
		015F374428AAF905005FB696 /* SDButtonRowComponent.swift in Sources */ = {isa = PBXBuildFile; fileRef = 015F374328AAF905005FB696 /* SDButtonRowComponent.swift */; };
		01C2999128B56879009DEC87 /* CodeEditor in Frameworks */ = {isa = PBXBuildFile; productRef = 01C2999028B56879009DEC87 /* CodeEditor */; };
		01CD146028C2451E00A48693 /* ComponentListView.swift in Sources */ = {isa = PBXBuildFile; fileRef = 01CD145F28C2451E00A48693 /* ComponentListView.swift */; };
		01E779E528C262B30069D92A /* ComponentDetalView.swift in Sources */ = {isa = PBXBuildFile; fileRef = 01E779E428C262B30069D92A /* ComponentDetalView.swift */; };
		01E779E928C2634E0069D92A /* buttonRow.json in Resources */ = {isa = PBXBuildFile; fileRef = 01E779E828C2634E0069D92A /* buttonRow.json */; };
		01E779EB28C266910069D92A /* button.json in Resources */ = {isa = PBXBuildFile; fileRef = 01E779EA28C266910069D92A /* button.json */; };
		01E779ED28C267E40069D92A /* header.json in Resources */ = {isa = PBXBuildFile; fileRef = 01E779EC28C267E40069D92A /* header.json */; };
		01E779EF28C268420069D92A /* carousel.json in Resources */ = {isa = PBXBuildFile; fileRef = 01E779EE28C268420069D92A /* carousel.json */; };
		01E779F128C268EC0069D92A /* spacer.json in Resources */ = {isa = PBXBuildFile; fileRef = 01E779F028C268EC0069D92A /* spacer.json */; };
		01E779F328C269350069D92A /* section.json in Resources */ = {isa = PBXBuildFile; fileRef = 01E779F228C269350069D92A /* section.json */; };
		01FCEC3C28AC2C1700525445 /* SDSectionComponent.swift in Sources */ = {isa = PBXBuildFile; fileRef = 01FCEC3B28AC2C1700525445 /* SDSectionComponent.swift */; };
		2010062328A7DC390095E327 /* TokensManager.swift in Sources */ = {isa = PBXBuildFile; fileRef = 2010062228A7DC390095E327 /* TokensManager.swift */; };
		2010062528A7DD100095E327 /* Border.swift in Sources */ = {isa = PBXBuildFile; fileRef = 2010062428A7DD100095E327 /* Border.swift */; };
		2010062728A7DE190095E327 /* Opacity.swift in Sources */ = {isa = PBXBuildFile; fileRef = 2010062628A7DE190095E327 /* Opacity.swift */; };
		2010062928A7DE420095E327 /* Shadow.swift in Sources */ = {isa = PBXBuildFile; fileRef = 2010062828A7DE420095E327 /* Shadow.swift */; };
		2010062B28A7DEDA0095E327 /* Spacing.swift in Sources */ = {isa = PBXBuildFile; fileRef = 2010062A28A7DEDA0095E327 /* Spacing.swift */; };
		2010062D28A7DF3E0095E327 /* Fonts.swift in Sources */ = {isa = PBXBuildFile; fileRef = 2010062C28A7DF3E0095E327 /* Fonts.swift */; };
		2010063328A7E3310095E327 /* tokens.json in Resources */ = {isa = PBXBuildFile; fileRef = 2010063228A7E3310095E327 /* tokens.json */; };
		20132DFE28A7F8540072773E /* Extensions.swift in Sources */ = {isa = PBXBuildFile; fileRef = 20132DFD28A7F8540072773E /* Extensions.swift */; };
		20132E0028A7FDB30072773E /* SDRemoteImageComponent.swift in Sources */ = {isa = PBXBuildFile; fileRef = 20132DFF28A7FDB30072773E /* SDRemoteImageComponent.swift */; };
		20132E0328A804A60072773E /* SDGenericViewController.swift in Sources */ = {isa = PBXBuildFile; fileRef = 20132E0128A804A60072773E /* SDGenericViewController.swift */; };
		20132E0428A804A60072773E /* SDGenericView.swift in Sources */ = {isa = PBXBuildFile; fileRef = 20132E0228A804A60072773E /* SDGenericView.swift */; };
		20132E0B28A805D40072773E /* SDAnyComponent.swift in Sources */ = {isa = PBXBuildFile; fileRef = 20132E0628A805D40072773E /* SDAnyComponent.swift */; };
		20132E0C28A805D40072773E /* SDView.swift in Sources */ = {isa = PBXBuildFile; fileRef = 20132E0728A805D40072773E /* SDView.swift */; };
		20132E0D28A805D40072773E /* SDNavigationBar.swift in Sources */ = {isa = PBXBuildFile; fileRef = 20132E0828A805D40072773E /* SDNavigationBar.swift */; };
		20132E0E28A805D40072773E /* SDViewSettings.swift in Sources */ = {isa = PBXBuildFile; fileRef = 20132E0928A805D40072773E /* SDViewSettings.swift */; };
		20132E0F28A805D40072773E /* SDComponent.swift in Sources */ = {isa = PBXBuildFile; fileRef = 20132E0A28A805D40072773E /* SDComponent.swift */; };
		20132E1428A807490072773E /* SDComponentType.swift in Sources */ = {isa = PBXBuildFile; fileRef = 20132E1328A807490072773E /* SDComponentType.swift */; };
		20132E1928A80CC90072773E /* SDNetwork.swift in Sources */ = {isa = PBXBuildFile; fileRef = 20132E1828A80CC90072773E /* SDNetwork.swift */; };
		20132E1B28A80EF50072773E /* SDLocalViews.swift in Sources */ = {isa = PBXBuildFile; fileRef = 20132E1A28A80EF50072773E /* SDLocalViews.swift */; };
		20132E1E28A80F900072773E /* notFound.json in Resources */ = {isa = PBXBuildFile; fileRef = 20132E1D28A80F900072773E /* notFound.json */; };
		20132E2028A810CD0072773E /* SDLoadingView.swift in Sources */ = {isa = PBXBuildFile; fileRef = 20132E1F28A810CD0072773E /* SDLoadingView.swift */; };
		20132E2328A812A80072773E /* SDProductSettings.swift in Sources */ = {isa = PBXBuildFile; fileRef = 20132E2228A812A80072773E /* SDProductSettings.swift */; };
		20132E2528A815450072773E /* SDStatusBarStyle.swift in Sources */ = {isa = PBXBuildFile; fileRef = 20132E2428A815450072773E /* SDStatusBarStyle.swift */; };
		20132E2728A816120072773E /* VisibleModifier.swift in Sources */ = {isa = PBXBuildFile; fileRef = 20132E2628A816120072773E /* VisibleModifier.swift */; };
		20132E2D28A81BBB0072773E /* Montserrat-Light.ttf in Resources */ = {isa = PBXBuildFile; fileRef = 20132E2928A81BBB0072773E /* Montserrat-Light.ttf */; };
		20132E2E28A81BBB0072773E /* Montserrat-Bold.ttf in Resources */ = {isa = PBXBuildFile; fileRef = 20132E2A28A81BBB0072773E /* Montserrat-Bold.ttf */; };
		20132E2F28A81BBB0072773E /* Montserrat-SemiBold.ttf in Resources */ = {isa = PBXBuildFile; fileRef = 20132E2B28A81BBB0072773E /* Montserrat-SemiBold.ttf */; };
		20132E3028A81BBB0072773E /* Montserrat-Regular.ttf in Resources */ = {isa = PBXBuildFile; fileRef = 20132E2C28A81BBB0072773E /* Montserrat-Regular.ttf */; };
		201E634228A847A300CD89D1 /* TrecoProductSetupApp.swift in Sources */ = {isa = PBXBuildFile; fileRef = 201E634128A847A300CD89D1 /* TrecoProductSetupApp.swift */; };
		201E634428A847A300CD89D1 /* ContentView.swift in Sources */ = {isa = PBXBuildFile; fileRef = 201E634328A847A300CD89D1 /* ContentView.swift */; };
		201E634628A847A500CD89D1 /* Assets.xcassets in Resources */ = {isa = PBXBuildFile; fileRef = 201E634528A847A500CD89D1 /* Assets.xcassets */; };
		201E634928A847A500CD89D1 /* Preview Assets.xcassets in Resources */ = {isa = PBXBuildFile; fileRef = 201E634828A847A500CD89D1 /* Preview Assets.xcassets */; };
		201E635B28A848D900CD89D1 /* Border.swift in Sources */ = {isa = PBXBuildFile; fileRef = 2010062428A7DD100095E327 /* Border.swift */; };
		201E635C28A848D900CD89D1 /* Fonts.swift in Sources */ = {isa = PBXBuildFile; fileRef = 2010062C28A7DF3E0095E327 /* Fonts.swift */; };
		201E635D28A848D900CD89D1 /* Shadow.swift in Sources */ = {isa = PBXBuildFile; fileRef = 2010062828A7DE420095E327 /* Shadow.swift */; };
		201E635E28A848D900CD89D1 /* TokensManager.swift in Sources */ = {isa = PBXBuildFile; fileRef = 2010062228A7DC390095E327 /* TokensManager.swift */; };
		201E635F28A848D900CD89D1 /* Opacity.swift in Sources */ = {isa = PBXBuildFile; fileRef = 2010062628A7DE190095E327 /* Opacity.swift */; };
		201E636028A848D900CD89D1 /* Colors.swift in Sources */ = {isa = PBXBuildFile; fileRef = 2031D8F928A7D6D30079F62B /* Colors.swift */; };
		201E636128A848D900CD89D1 /* Spacing.swift in Sources */ = {isa = PBXBuildFile; fileRef = 2010062A28A7DEDA0095E327 /* Spacing.swift */; };
		201E636228A848DC00CD89D1 /* Montserrat-Regular.ttf in Resources */ = {isa = PBXBuildFile; fileRef = 20132E2C28A81BBB0072773E /* Montserrat-Regular.ttf */; };
		201E636328A848DC00CD89D1 /* Montserrat-SemiBold.ttf in Resources */ = {isa = PBXBuildFile; fileRef = 20132E2B28A81BBB0072773E /* Montserrat-SemiBold.ttf */; };
		201E636428A848DC00CD89D1 /* Montserrat-Light.ttf in Resources */ = {isa = PBXBuildFile; fileRef = 20132E2928A81BBB0072773E /* Montserrat-Light.ttf */; };
		201E636528A848DC00CD89D1 /* Montserrat-Bold.ttf in Resources */ = {isa = PBXBuildFile; fileRef = 20132E2A28A81BBB0072773E /* Montserrat-Bold.ttf */; };
		201E637A28A84A2E00CD89D1 /* Extensions.swift in Sources */ = {isa = PBXBuildFile; fileRef = 20132DFD28A7F8540072773E /* Extensions.swift */; };
		201E637F28A84C7800CD89D1 /* Swifter in Frameworks */ = {isa = PBXBuildFile; productRef = 201E637E28A84C7800CD89D1 /* Swifter */; };
		201E638128A8505400CD89D1 /* ServerManager.swift in Sources */ = {isa = PBXBuildFile; fileRef = 201E638028A8505400CD89D1 /* ServerManager.swift */; };
		201E638628A8560800CD89D1 /* SDServerSettings.swift in Sources */ = {isa = PBXBuildFile; fileRef = 201E638528A8560800CD89D1 /* SDServerSettings.swift */; };
		201E638728A8562200CD89D1 /* SDServerSettings.swift in Sources */ = {isa = PBXBuildFile; fileRef = 201E638528A8560800CD89D1 /* SDServerSettings.swift */; };
		201E638A28A85A7100CD89D1 /* SwiftUIPullToRefresh in Frameworks */ = {isa = PBXBuildFile; productRef = 201E638928A85A7100CD89D1 /* SwiftUIPullToRefresh */; };
		201E638C28A85CB300CD89D1 /* Task+Extensions.swift in Sources */ = {isa = PBXBuildFile; fileRef = 201E638B28A85CB300CD89D1 /* Task+Extensions.swift */; };
		201E638E28A85DDB00CD89D1 /* tokens.json in Resources */ = {isa = PBXBuildFile; fileRef = 2010063228A7E3310095E327 /* tokens.json */; };
		202BEA8628A6F7C200633C64 /* Assets.xcassets in Resources */ = {isa = PBXBuildFile; fileRef = 202BEA8528A6F7C200633C64 /* Assets.xcassets */; };
		202BEA8928A6F7C200633C64 /* Preview Assets.xcassets in Resources */ = {isa = PBXBuildFile; fileRef = 202BEA8828A6F7C200633C64 /* Preview Assets.xcassets */; };
		2031D8FA28A7D6D30079F62B /* Colors.swift in Sources */ = {isa = PBXBuildFile; fileRef = 2031D8F928A7D6D30079F62B /* Colors.swift */; };
		20654F3828A93F8300F1699E /* FileDetailView.swift in Sources */ = {isa = PBXBuildFile; fileRef = 20654F3728A93F8300F1699E /* FileDetailView.swift */; };
		20654F3A28A963D900F1699E /* FileViewManager.swift in Sources */ = {isa = PBXBuildFile; fileRef = 20654F3928A963D900F1699E /* FileViewManager.swift */; };
		20D101A928A7EC900094A0F9 /* Coordinator.swift in Sources */ = {isa = PBXBuildFile; fileRef = 20D101A828A7EC900094A0F9 /* Coordinator.swift */; };
		20D101AB28A7EE290094A0F9 /* AppDelegate.swift in Sources */ = {isa = PBXBuildFile; fileRef = 20D101AA28A7EE290094A0F9 /* AppDelegate.swift */; };
		20D101AD28A7EF940094A0F9 /* SceneDelegate.swift in Sources */ = {isa = PBXBuildFile; fileRef = 20D101AC28A7EF940094A0F9 /* SceneDelegate.swift */; };
		20D73DA928A87914002FF4CA /* MenuView.swift in Sources */ = {isa = PBXBuildFile; fileRef = 20D73DA828A87914002FF4CA /* MenuView.swift */; };
		20D73DAB28A87D29002FF4CA /* SettingsView.swift in Sources */ = {isa = PBXBuildFile; fileRef = 20D73DAA28A87D29002FF4CA /* SettingsView.swift */; };
/* End PBXBuildFile section */

/* Begin PBXFileReference section */
		0124982028AD75D1001C2229 /* SDButtonComponent.swift */ = {isa = PBXFileReference; lastKnownFileType = sourcecode.swift; path = SDButtonComponent.swift; sourceTree = "<group>"; };
		0124982228AD798C001C2229 /* SDHeaderComponent.swift */ = {isa = PBXFileReference; lastKnownFileType = sourcecode.swift; path = SDHeaderComponent.swift; sourceTree = "<group>"; };
		0124982428AD7C3A001C2229 /* SDNavigationAction.swift */ = {isa = PBXFileReference; lastKnownFileType = sourcecode.swift; path = SDNavigationAction.swift; sourceTree = "<group>"; };
		0124982C28AD7EE8001C2229 /* SDActionType.swift */ = {isa = PBXFileReference; lastKnownFileType = sourcecode.swift; path = SDActionType.swift; sourceTree = "<group>"; };
		0124982E28AD7EF9001C2229 /* SDAnyAction.swift */ = {isa = PBXFileReference; lastKnownFileType = sourcecode.swift; path = SDAnyAction.swift; sourceTree = "<group>"; };
		0124983028AD7F09001C2229 /* SDAction.swift */ = {isa = PBXFileReference; lastKnownFileType = sourcecode.swift; path = SDAction.swift; sourceTree = "<group>"; };
		0149C55628AB016D00A51301 /* SDServiceCarouselComponent.swift */ = {isa = PBXFileReference; lastKnownFileType = sourcecode.swift; path = SDServiceCarouselComponent.swift; sourceTree = "<group>"; };
		0149C55828AB094200A51301 /* SDSpacerComponent.swift */ = {isa = PBXFileReference; lastKnownFileType = sourcecode.swift; path = SDSpacerComponent.swift; sourceTree = "<group>"; };
		015F374328AAF905005FB696 /* SDButtonRowComponent.swift */ = {isa = PBXFileReference; lastKnownFileType = sourcecode.swift; path = SDButtonRowComponent.swift; sourceTree = "<group>"; };
		01CD145F28C2451E00A48693 /* ComponentListView.swift */ = {isa = PBXFileReference; lastKnownFileType = sourcecode.swift; path = ComponentListView.swift; sourceTree = "<group>"; };
		01E779E428C262B30069D92A /* ComponentDetalView.swift */ = {isa = PBXFileReference; lastKnownFileType = sourcecode.swift; path = ComponentDetalView.swift; sourceTree = "<group>"; };
		01E779E828C2634E0069D92A /* buttonRow.json */ = {isa = PBXFileReference; lastKnownFileType = text.json; path = buttonRow.json; sourceTree = "<group>"; };
		01E779EA28C266910069D92A /* button.json */ = {isa = PBXFileReference; lastKnownFileType = text.json; path = button.json; sourceTree = "<group>"; };
		01E779EC28C267E40069D92A /* header.json */ = {isa = PBXFileReference; lastKnownFileType = text.json; path = header.json; sourceTree = "<group>"; };
		01E779EE28C268420069D92A /* carousel.json */ = {isa = PBXFileReference; lastKnownFileType = text.json; path = carousel.json; sourceTree = "<group>"; };
		01E779F028C268EC0069D92A /* spacer.json */ = {isa = PBXFileReference; lastKnownFileType = text.json; path = spacer.json; sourceTree = "<group>"; };
		01E779F228C269350069D92A /* section.json */ = {isa = PBXFileReference; lastKnownFileType = text.json; path = section.json; sourceTree = "<group>"; };
		01FCEC3B28AC2C1700525445 /* SDSectionComponent.swift */ = {isa = PBXFileReference; lastKnownFileType = sourcecode.swift; path = SDSectionComponent.swift; sourceTree = "<group>"; };
		2010062228A7DC390095E327 /* TokensManager.swift */ = {isa = PBXFileReference; lastKnownFileType = sourcecode.swift; path = TokensManager.swift; sourceTree = "<group>"; };
		2010062428A7DD100095E327 /* Border.swift */ = {isa = PBXFileReference; lastKnownFileType = sourcecode.swift; path = Border.swift; sourceTree = "<group>"; };
		2010062628A7DE190095E327 /* Opacity.swift */ = {isa = PBXFileReference; lastKnownFileType = sourcecode.swift; path = Opacity.swift; sourceTree = "<group>"; };
		2010062828A7DE420095E327 /* Shadow.swift */ = {isa = PBXFileReference; lastKnownFileType = sourcecode.swift; path = Shadow.swift; sourceTree = "<group>"; };
		2010062A28A7DEDA0095E327 /* Spacing.swift */ = {isa = PBXFileReference; lastKnownFileType = sourcecode.swift; path = Spacing.swift; sourceTree = "<group>"; };
		2010062C28A7DF3E0095E327 /* Fonts.swift */ = {isa = PBXFileReference; lastKnownFileType = sourcecode.swift; path = Fonts.swift; sourceTree = "<group>"; };
		2010063228A7E3310095E327 /* tokens.json */ = {isa = PBXFileReference; lastKnownFileType = text.json; path = tokens.json; sourceTree = "<group>"; };
		20132DFD28A7F8540072773E /* Extensions.swift */ = {isa = PBXFileReference; lastKnownFileType = sourcecode.swift; path = Extensions.swift; sourceTree = "<group>"; };
		20132DFF28A7FDB30072773E /* SDRemoteImageComponent.swift */ = {isa = PBXFileReference; lastKnownFileType = sourcecode.swift; path = SDRemoteImageComponent.swift; sourceTree = "<group>"; };
		20132E0128A804A60072773E /* SDGenericViewController.swift */ = {isa = PBXFileReference; fileEncoding = 4; lastKnownFileType = sourcecode.swift; path = SDGenericViewController.swift; sourceTree = "<group>"; };
		20132E0228A804A60072773E /* SDGenericView.swift */ = {isa = PBXFileReference; fileEncoding = 4; lastKnownFileType = sourcecode.swift; path = SDGenericView.swift; sourceTree = "<group>"; };
		20132E0628A805D40072773E /* SDAnyComponent.swift */ = {isa = PBXFileReference; fileEncoding = 4; lastKnownFileType = sourcecode.swift; path = SDAnyComponent.swift; sourceTree = "<group>"; };
		20132E0728A805D40072773E /* SDView.swift */ = {isa = PBXFileReference; fileEncoding = 4; lastKnownFileType = sourcecode.swift; path = SDView.swift; sourceTree = "<group>"; };
		20132E0828A805D40072773E /* SDNavigationBar.swift */ = {isa = PBXFileReference; fileEncoding = 4; lastKnownFileType = sourcecode.swift; path = SDNavigationBar.swift; sourceTree = "<group>"; };
		20132E0928A805D40072773E /* SDViewSettings.swift */ = {isa = PBXFileReference; fileEncoding = 4; lastKnownFileType = sourcecode.swift; path = SDViewSettings.swift; sourceTree = "<group>"; };
		20132E0A28A805D40072773E /* SDComponent.swift */ = {isa = PBXFileReference; fileEncoding = 4; lastKnownFileType = sourcecode.swift; path = SDComponent.swift; sourceTree = "<group>"; };
		20132E1328A807490072773E /* SDComponentType.swift */ = {isa = PBXFileReference; fileEncoding = 4; lastKnownFileType = sourcecode.swift; path = SDComponentType.swift; sourceTree = "<group>"; };
		20132E1828A80CC90072773E /* SDNetwork.swift */ = {isa = PBXFileReference; fileEncoding = 4; lastKnownFileType = sourcecode.swift; path = SDNetwork.swift; sourceTree = "<group>"; };
		20132E1A28A80EF50072773E /* SDLocalViews.swift */ = {isa = PBXFileReference; lastKnownFileType = sourcecode.swift; path = SDLocalViews.swift; sourceTree = "<group>"; };
		20132E1D28A80F900072773E /* notFound.json */ = {isa = PBXFileReference; lastKnownFileType = text.json; path = notFound.json; sourceTree = "<group>"; };
		20132E1F28A810CD0072773E /* SDLoadingView.swift */ = {isa = PBXFileReference; lastKnownFileType = sourcecode.swift; path = SDLoadingView.swift; sourceTree = "<group>"; };
		20132E2228A812A80072773E /* SDProductSettings.swift */ = {isa = PBXFileReference; fileEncoding = 4; lastKnownFileType = sourcecode.swift; path = SDProductSettings.swift; sourceTree = "<group>"; };
		20132E2428A815450072773E /* SDStatusBarStyle.swift */ = {isa = PBXFileReference; lastKnownFileType = sourcecode.swift; path = SDStatusBarStyle.swift; sourceTree = "<group>"; };
		20132E2628A816120072773E /* VisibleModifier.swift */ = {isa = PBXFileReference; lastKnownFileType = sourcecode.swift; path = VisibleModifier.swift; sourceTree = "<group>"; };
		20132E2828A81A600072773E /* Info.plist */ = {isa = PBXFileReference; lastKnownFileType = text.plist; path = Info.plist; sourceTree = "<group>"; };
		20132E2928A81BBB0072773E /* Montserrat-Light.ttf */ = {isa = PBXFileReference; lastKnownFileType = file; path = "Montserrat-Light.ttf"; sourceTree = "<group>"; };
		20132E2A28A81BBB0072773E /* Montserrat-Bold.ttf */ = {isa = PBXFileReference; lastKnownFileType = file; path = "Montserrat-Bold.ttf"; sourceTree = "<group>"; };
		20132E2B28A81BBB0072773E /* Montserrat-SemiBold.ttf */ = {isa = PBXFileReference; lastKnownFileType = file; path = "Montserrat-SemiBold.ttf"; sourceTree = "<group>"; };
		20132E2C28A81BBB0072773E /* Montserrat-Regular.ttf */ = {isa = PBXFileReference; lastKnownFileType = file; path = "Montserrat-Regular.ttf"; sourceTree = "<group>"; };
		201E633F28A847A300CD89D1 /* Product Setup.app */ = {isa = PBXFileReference; explicitFileType = wrapper.application; includeInIndex = 0; path = "Product Setup.app"; sourceTree = BUILT_PRODUCTS_DIR; };
		201E634128A847A300CD89D1 /* TrecoProductSetupApp.swift */ = {isa = PBXFileReference; lastKnownFileType = sourcecode.swift; path = TrecoProductSetupApp.swift; sourceTree = "<group>"; };
		201E634328A847A300CD89D1 /* ContentView.swift */ = {isa = PBXFileReference; lastKnownFileType = sourcecode.swift; path = ContentView.swift; sourceTree = "<group>"; };
		201E634528A847A500CD89D1 /* Assets.xcassets */ = {isa = PBXFileReference; lastKnownFileType = folder.assetcatalog; path = Assets.xcassets; sourceTree = "<group>"; };
		201E634828A847A500CD89D1 /* Preview Assets.xcassets */ = {isa = PBXFileReference; lastKnownFileType = folder.assetcatalog; path = "Preview Assets.xcassets"; sourceTree = "<group>"; };
		201E634A28A847A500CD89D1 /* TrecoProductSetup.entitlements */ = {isa = PBXFileReference; lastKnownFileType = text.plist.entitlements; path = TrecoProductSetup.entitlements; sourceTree = "<group>"; };
		201E638028A8505400CD89D1 /* ServerManager.swift */ = {isa = PBXFileReference; lastKnownFileType = sourcecode.swift; path = ServerManager.swift; sourceTree = "<group>"; };
		201E638528A8560800CD89D1 /* SDServerSettings.swift */ = {isa = PBXFileReference; lastKnownFileType = sourcecode.swift; path = SDServerSettings.swift; sourceTree = "<group>"; };
		201E638B28A85CB300CD89D1 /* Task+Extensions.swift */ = {isa = PBXFileReference; lastKnownFileType = sourcecode.swift; path = "Task+Extensions.swift"; sourceTree = "<group>"; };
		202BEA7E28A6F7C000633C64 /* TrecoUI.app */ = {isa = PBXFileReference; explicitFileType = wrapper.application; includeInIndex = 0; path = TrecoUI.app; sourceTree = BUILT_PRODUCTS_DIR; };
		202BEA8528A6F7C200633C64 /* Assets.xcassets */ = {isa = PBXFileReference; lastKnownFileType = folder.assetcatalog; path = Assets.xcassets; sourceTree = "<group>"; };
		202BEA8828A6F7C200633C64 /* Preview Assets.xcassets */ = {isa = PBXFileReference; lastKnownFileType = folder.assetcatalog; path = "Preview Assets.xcassets"; sourceTree = "<group>"; };
		2031D8F928A7D6D30079F62B /* Colors.swift */ = {isa = PBXFileReference; lastKnownFileType = sourcecode.swift; path = Colors.swift; sourceTree = "<group>"; };
		20654F3728A93F8300F1699E /* FileDetailView.swift */ = {isa = PBXFileReference; lastKnownFileType = sourcecode.swift; path = FileDetailView.swift; sourceTree = "<group>"; };
		20654F3928A963D900F1699E /* FileViewManager.swift */ = {isa = PBXFileReference; lastKnownFileType = sourcecode.swift; path = FileViewManager.swift; sourceTree = "<group>"; };
		20D101A828A7EC900094A0F9 /* Coordinator.swift */ = {isa = PBXFileReference; lastKnownFileType = sourcecode.swift; path = Coordinator.swift; sourceTree = "<group>"; };
		20D101AA28A7EE290094A0F9 /* AppDelegate.swift */ = {isa = PBXFileReference; lastKnownFileType = sourcecode.swift; path = AppDelegate.swift; sourceTree = "<group>"; };
		20D101AC28A7EF940094A0F9 /* SceneDelegate.swift */ = {isa = PBXFileReference; lastKnownFileType = sourcecode.swift; path = SceneDelegate.swift; sourceTree = "<group>"; };
		20D73DA828A87914002FF4CA /* MenuView.swift */ = {isa = PBXFileReference; lastKnownFileType = sourcecode.swift; path = MenuView.swift; sourceTree = "<group>"; };
		20D73DAA28A87D29002FF4CA /* SettingsView.swift */ = {isa = PBXFileReference; lastKnownFileType = sourcecode.swift; path = SettingsView.swift; sourceTree = "<group>"; };
/* End PBXFileReference section */

/* Begin PBXFrameworksBuildPhase section */
		201E633C28A847A300CD89D1 /* Frameworks */ = {
			isa = PBXFrameworksBuildPhase;
			buildActionMask = 2147483647;
			files = (
				01C2999128B56879009DEC87 /* CodeEditor in Frameworks */,
				201E637F28A84C7800CD89D1 /* Swifter in Frameworks */,
			);
			runOnlyForDeploymentPostprocessing = 0;
		};
		202BEA7B28A6F7C000633C64 /* Frameworks */ = {
			isa = PBXFrameworksBuildPhase;
			buildActionMask = 2147483647;
			files = (
				201E638A28A85A7100CD89D1 /* SwiftUIPullToRefresh in Frameworks */,
			);
			runOnlyForDeploymentPostprocessing = 0;
		};
/* End PBXFrameworksBuildPhase section */

/* Begin PBXGroup section */
		0124982628AD7E98001C2229 /* SDActions */ = {
			isa = PBXGroup;
			children = (
				0124982B28AD7ECC001C2229 /* Actions */,
				0124982928AD7EC3001C2229 /* Models */,
			);
			path = SDActions;
			sourceTree = "<group>";
		};
		0124982728AD7EA6001C2229 /* Models */ = {
			isa = PBXGroup;
			children = (
				20132E1328A807490072773E /* SDComponentType.swift */,
				20132E0628A805D40072773E /* SDAnyComponent.swift */,
				20132E0A28A805D40072773E /* SDComponent.swift */,
			);
			path = Models;
			sourceTree = "<group>";
		};
		0124982828AD7EAB001C2229 /* Components */ = {
			isa = PBXGroup;
			children = (
				20132DFF28A7FDB30072773E /* SDRemoteImageComponent.swift */,
				015F374328AAF905005FB696 /* SDButtonRowComponent.swift */,
				0124982028AD75D1001C2229 /* SDButtonComponent.swift */,
				0124982228AD798C001C2229 /* SDHeaderComponent.swift */,
				0149C55628AB016D00A51301 /* SDServiceCarouselComponent.swift */,
				0149C55828AB094200A51301 /* SDSpacerComponent.swift */,
				01FCEC3B28AC2C1700525445 /* SDSectionComponent.swift */,
			);
			path = Components;
			sourceTree = "<group>";
		};
		0124982928AD7EC3001C2229 /* Models */ = {
			isa = PBXGroup;
			children = (
				0124982C28AD7EE8001C2229 /* SDActionType.swift */,
				0124982E28AD7EF9001C2229 /* SDAnyAction.swift */,
				0124983028AD7F09001C2229 /* SDAction.swift */,
			);
			path = Models;
			sourceTree = "<group>";
		};
		0124982B28AD7ECC001C2229 /* Actions */ = {
			isa = PBXGroup;
			children = (
				0124982428AD7C3A001C2229 /* SDNavigationAction.swift */,
			);
			path = Actions;
			sourceTree = "<group>";
		};
		0124983228AD7FF4001C2229 /* UI */ = {
			isa = PBXGroup;
			children = (
				20132E1228A807320072773E /* SDComponents */,
				20132E1128A806B50072773E /* SDGenericView */,
				0124982628AD7E98001C2229 /* SDActions */,
			);
			path = UI;
			sourceTree = "<group>";
		};
		01E779E728C263310069D92A /* Components */ = {
			isa = PBXGroup;
			children = (
				01E779E828C2634E0069D92A /* buttonRow.json */,
				01E779EA28C266910069D92A /* button.json */,
				01E779EC28C267E40069D92A /* header.json */,
				01E779EE28C268420069D92A /* carousel.json */,
				01E779F028C268EC0069D92A /* spacer.json */,
				01E779F228C269350069D92A /* section.json */,
			);
			path = Components;
			sourceTree = "<group>";
		};
		2010062F28A7E08A0095E327 /* Fonts */ = {
			isa = PBXGroup;
			children = (
				20132E3128A81BD00072773E /* Montserrat */,
			);
			path = Fonts;
			sourceTree = "<group>";
		};
		2010063428A7E5EB0095E327 /* App */ = {
			isa = PBXGroup;
			children = (
				2010063228A7E3310095E327 /* tokens.json */,
				20D101AA28A7EE290094A0F9 /* AppDelegate.swift */,
				20D101AC28A7EF940094A0F9 /* SceneDelegate.swift */,
				202BEA8528A6F7C200633C64 /* Assets.xcassets */,
				202BEA8728A6F7C200633C64 /* Preview Content */,
			);
			path = App;
			sourceTree = "<group>";
		};
		20132E1028A8069D0072773E /* SDView */ = {
			isa = PBXGroup;
			children = (
				20132E0828A805D40072773E /* SDNavigationBar.swift */,
				20132E2428A815450072773E /* SDStatusBarStyle.swift */,
				20132E0928A805D40072773E /* SDViewSettings.swift */,
				20132E0728A805D40072773E /* SDView.swift */,
			);
			path = SDView;
			sourceTree = "<group>";
		};
		20132E1128A806B50072773E /* SDGenericView */ = {
			isa = PBXGroup;
			children = (
				20132E0228A804A60072773E /* SDGenericView.swift */,
				20132E0128A804A60072773E /* SDGenericViewController.swift */,
				20D101A828A7EC900094A0F9 /* Coordinator.swift */,
			);
			path = SDGenericView;
			sourceTree = "<group>";
		};
		20132E1228A807320072773E /* SDComponents */ = {
			isa = PBXGroup;
			children = (
				0124982828AD7EAB001C2229 /* Components */,
				0124982728AD7EA6001C2229 /* Models */,
			);
			path = SDComponents;
			sourceTree = "<group>";
		};
		20132E1528A80C670072773E /* Helpers */ = {
			isa = PBXGroup;
			children = (
				20132DFD28A7F8540072773E /* Extensions.swift */,
				20132E2628A816120072773E /* VisibleModifier.swift */,
				201E638B28A85CB300CD89D1 /* Task+Extensions.swift */,
			);
			path = Helpers;
			sourceTree = "<group>";
		};
		20132E1728A80CC00072773E /* Network */ = {
			isa = PBXGroup;
			children = (
				20132E1828A80CC90072773E /* SDNetwork.swift */,
				201E638528A8560800CD89D1 /* SDServerSettings.swift */,
			);
			path = Network;
			sourceTree = "<group>";
		};
		20132E1C28A80F770072773E /* SDLocalViews */ = {
			isa = PBXGroup;
			children = (
				20132E1A28A80EF50072773E /* SDLocalViews.swift */,
				20132E1D28A80F900072773E /* notFound.json */,
				20132E1F28A810CD0072773E /* SDLoadingView.swift */,
			);
			path = SDLocalViews;
			sourceTree = "<group>";
		};
		20132E2128A812750072773E /* SDProduct */ = {
			isa = PBXGroup;
			children = (
				20132E2228A812A80072773E /* SDProductSettings.swift */,
			);
			path = SDProduct;
			sourceTree = "<group>";
		};
		20132E3128A81BD00072773E /* Montserrat */ = {
			isa = PBXGroup;
			children = (
				20132E2A28A81BBB0072773E /* Montserrat-Bold.ttf */,
				20132E2928A81BBB0072773E /* Montserrat-Light.ttf */,
				20132E2C28A81BBB0072773E /* Montserrat-Regular.ttf */,
				20132E2B28A81BBB0072773E /* Montserrat-SemiBold.ttf */,
			);
			path = Montserrat;
			sourceTree = "<group>";
		};
		201E634028A847A300CD89D1 /* TrecoProductSetup */ = {
			isa = PBXGroup;
			children = (
				201E634128A847A300CD89D1 /* TrecoProductSetupApp.swift */,
				201E639028A8609100CD89D1 /* Server */,
				201E638F28A8608A00CD89D1 /* UI */,
				201E634528A847A500CD89D1 /* Assets.xcassets */,
				201E634A28A847A500CD89D1 /* TrecoProductSetup.entitlements */,
				201E634728A847A500CD89D1 /* Preview Content */,
			);
			path = TrecoProductSetup;
			sourceTree = "<group>";
		};
		201E634728A847A500CD89D1 /* Preview Content */ = {
			isa = PBXGroup;
			children = (
				201E634828A847A500CD89D1 /* Preview Assets.xcassets */,
			);
			path = "Preview Content";
			sourceTree = "<group>";
		};
		201E638F28A8608A00CD89D1 /* UI */ = {
			isa = PBXGroup;
			children = (
				01E779E728C263310069D92A /* Components */,
				201E634328A847A300CD89D1 /* ContentView.swift */,
				20D73DA828A87914002FF4CA /* MenuView.swift */,
				20654F3728A93F8300F1699E /* FileDetailView.swift */,
				01CD145F28C2451E00A48693 /* ComponentListView.swift */,
				01E779E428C262B30069D92A /* ComponentDetalView.swift */,
				20D73DAA28A87D29002FF4CA /* SettingsView.swift */,
			);
			path = UI;
			sourceTree = "<group>";
		};
		201E639028A8609100CD89D1 /* Server */ = {
			isa = PBXGroup;
			children = (
				201E638028A8505400CD89D1 /* ServerManager.swift */,
				20654F3928A963D900F1699E /* FileViewManager.swift */,
			);
			path = Server;
			sourceTree = "<group>";
		};
		202BEA7528A6F7C000633C64 = {
			isa = PBXGroup;
			children = (
				202BEA8028A6F7C000633C64 /* TrecoUI */,
				201E634028A847A300CD89D1 /* TrecoProductSetup */,
				202BEA7F28A6F7C000633C64 /* Products */,
			);
			sourceTree = "<group>";
		};
		202BEA7F28A6F7C000633C64 /* Products */ = {
			isa = PBXGroup;
			children = (
				202BEA7E28A6F7C000633C64 /* TrecoUI.app */,
				201E633F28A847A300CD89D1 /* Product Setup.app */,
			);
			name = Products;
			sourceTree = "<group>";
		};
		202BEA8028A6F7C000633C64 /* TrecoUI */ = {
			isa = PBXGroup;
			children = (
				20132E2828A81A600072773E /* Info.plist */,
				2010063428A7E5EB0095E327 /* App */,
				202BEA9128A6F8EB00633C64 /* ServerDriven */,
				202BEA8F28A6F8CB00633C64 /* DesignSystem */,
			);
			path = TrecoUI;
			sourceTree = "<group>";
		};
		202BEA8728A6F7C200633C64 /* Preview Content */ = {
			isa = PBXGroup;
			children = (
				202BEA8828A6F7C200633C64 /* Preview Assets.xcassets */,
			);
			path = "Preview Content";
			sourceTree = "<group>";
		};
		202BEA8F28A6F8CB00633C64 /* DesignSystem */ = {
			isa = PBXGroup;
			children = (
				2010062F28A7E08A0095E327 /* Fonts */,
				2031D8F828A7D6BF0079F62B /* Tokens */,
			);
			path = DesignSystem;
			sourceTree = "<group>";
		};
		202BEA9128A6F8EB00633C64 /* ServerDriven */ = {
			isa = PBXGroup;
			children = (
				0124983228AD7FF4001C2229 /* UI */,
				20132E2128A812750072773E /* SDProduct */,
				20132E1C28A80F770072773E /* SDLocalViews */,
				20132E1728A80CC00072773E /* Network */,
				20132E1528A80C670072773E /* Helpers */,
				20132E1028A8069D0072773E /* SDView */,
			);
			path = ServerDriven;
			sourceTree = "<group>";
		};
		2031D8F828A7D6BF0079F62B /* Tokens */ = {
			isa = PBXGroup;
			children = (
				2031D8F928A7D6D30079F62B /* Colors.swift */,
				2010062228A7DC390095E327 /* TokensManager.swift */,
				2010062428A7DD100095E327 /* Border.swift */,
				2010062628A7DE190095E327 /* Opacity.swift */,
				2010062828A7DE420095E327 /* Shadow.swift */,
				2010062A28A7DEDA0095E327 /* Spacing.swift */,
				2010062C28A7DF3E0095E327 /* Fonts.swift */,
			);
			path = Tokens;
			sourceTree = "<group>";
		};
/* End PBXGroup section */

/* Begin PBXNativeTarget section */
		201E633E28A847A300CD89D1 /* Product Setup */ = {
			isa = PBXNativeTarget;
			buildConfigurationList = 201E634D28A847A500CD89D1 /* Build configuration list for PBXNativeTarget "Product Setup" */;
			buildPhases = (
				201E633B28A847A300CD89D1 /* Sources */,
				201E633C28A847A300CD89D1 /* Frameworks */,
				201E633D28A847A300CD89D1 /* Resources */,
			);
			buildRules = (
			);
			dependencies = (
			);
			name = "Product Setup";
			packageProductDependencies = (
				201E637E28A84C7800CD89D1 /* Swifter */,
				01C2999028B56879009DEC87 /* CodeEditor */,
			);
			productName = TrecoProductSetup;
			productReference = 201E633F28A847A300CD89D1 /* Product Setup.app */;
			productType = "com.apple.product-type.application";
		};
		202BEA7D28A6F7C000633C64 /* TrecoUI */ = {
			isa = PBXNativeTarget;
			buildConfigurationList = 202BEA8C28A6F7C200633C64 /* Build configuration list for PBXNativeTarget "TrecoUI" */;
			buildPhases = (
				202BEA7A28A6F7C000633C64 /* Sources */,
				202BEA7B28A6F7C000633C64 /* Frameworks */,
				202BEA7C28A6F7C000633C64 /* Resources */,
			);
			buildRules = (
			);
			dependencies = (
			);
			name = TrecoUI;
			packageProductDependencies = (
				201E638928A85A7100CD89D1 /* SwiftUIPullToRefresh */,
			);
			productName = TrecoUI;
			productReference = 202BEA7E28A6F7C000633C64 /* TrecoUI.app */;
			productType = "com.apple.product-type.application";
		};
/* End PBXNativeTarget section */

/* Begin PBXProject section */
		202BEA7628A6F7C000633C64 /* Project object */ = {
			isa = PBXProject;
			attributes = {
				BuildIndependentTargetsInParallel = 1;
				LastSwiftUpdateCheck = 1310;
				LastUpgradeCheck = 1340;
				TargetAttributes = {
					201E633E28A847A300CD89D1 = {
						CreatedOnToolsVersion = 13.1;
					};
					202BEA7D28A6F7C000633C64 = {
						CreatedOnToolsVersion = 13.1;
					};
				};
			};
			buildConfigurationList = 202BEA7928A6F7C000633C64 /* Build configuration list for PBXProject "TrecoUI" */;
			compatibilityVersion = "Xcode 13.0";
			developmentRegion = en;
			hasScannedForEncodings = 0;
			knownRegions = (
				en,
				Base,
			);
			mainGroup = 202BEA7528A6F7C000633C64;
			packageReferences = (
				201E637D28A84C7800CD89D1 /* XCRemoteSwiftPackageReference "swifter" */,
				201E638828A85A7100CD89D1 /* XCRemoteSwiftPackageReference "swiftui-pull-to-refresh" */,
				01C2998F28B56879009DEC87 /* XCRemoteSwiftPackageReference "CodeEditor" */,
			);
			productRefGroup = 202BEA7F28A6F7C000633C64 /* Products */;
			projectDirPath = "";
			projectRoot = "";
			targets = (
				202BEA7D28A6F7C000633C64 /* TrecoUI */,
				201E633E28A847A300CD89D1 /* Product Setup */,
			);
		};
/* End PBXProject section */

/* Begin PBXResourcesBuildPhase section */
		201E633D28A847A300CD89D1 /* Resources */ = {
			isa = PBXResourcesBuildPhase;
			buildActionMask = 2147483647;
			files = (
				01E779F328C269350069D92A /* section.json in Resources */,
				01E779EF28C268420069D92A /* carousel.json in Resources */,
				201E636428A848DC00CD89D1 /* Montserrat-Light.ttf in Resources */,
				201E636228A848DC00CD89D1 /* Montserrat-Regular.ttf in Resources */,
				201E636528A848DC00CD89D1 /* Montserrat-Bold.ttf in Resources */,
				201E634928A847A500CD89D1 /* Preview Assets.xcassets in Resources */,
				201E636328A848DC00CD89D1 /* Montserrat-SemiBold.ttf in Resources */,
				01E779EB28C266910069D92A /* button.json in Resources */,
				201E634628A847A500CD89D1 /* Assets.xcassets in Resources */,
				01E779E928C2634E0069D92A /* buttonRow.json in Resources */,
				01E779F128C268EC0069D92A /* spacer.json in Resources */,
				01E779ED28C267E40069D92A /* header.json in Resources */,
				201E638E28A85DDB00CD89D1 /* tokens.json in Resources */,
			);
			runOnlyForDeploymentPostprocessing = 0;
		};
		202BEA7C28A6F7C000633C64 /* Resources */ = {
			isa = PBXResourcesBuildPhase;
			buildActionMask = 2147483647;
			files = (
				20132E3028A81BBB0072773E /* Montserrat-Regular.ttf in Resources */,
				20132E2D28A81BBB0072773E /* Montserrat-Light.ttf in Resources */,
				202BEA8928A6F7C200633C64 /* Preview Assets.xcassets in Resources */,
				20132E2E28A81BBB0072773E /* Montserrat-Bold.ttf in Resources */,
				20132E2F28A81BBB0072773E /* Montserrat-SemiBold.ttf in Resources */,
				20132E1E28A80F900072773E /* notFound.json in Resources */,
				202BEA8628A6F7C200633C64 /* Assets.xcassets in Resources */,
				2010063328A7E3310095E327 /* tokens.json in Resources */,
			);
			runOnlyForDeploymentPostprocessing = 0;
		};
/* End PBXResourcesBuildPhase section */

/* Begin PBXSourcesBuildPhase section */
		201E633B28A847A300CD89D1 /* Sources */ = {
			isa = PBXSourcesBuildPhase;
			buildActionMask = 2147483647;
			files = (
				20D73DAB28A87D29002FF4CA /* SettingsView.swift in Sources */,
				201E635C28A848D900CD89D1 /* Fonts.swift in Sources */,
				201E636028A848D900CD89D1 /* Colors.swift in Sources */,
				201E638728A8562200CD89D1 /* SDServerSettings.swift in Sources */,
				201E636128A848D900CD89D1 /* Spacing.swift in Sources */,
				201E634428A847A300CD89D1 /* ContentView.swift in Sources */,
				201E635D28A848D900CD89D1 /* Shadow.swift in Sources */,
				01E779E528C262B30069D92A /* ComponentDetalView.swift in Sources */,
				20654F3828A93F8300F1699E /* FileDetailView.swift in Sources */,
				20D73DA928A87914002FF4CA /* MenuView.swift in Sources */,
				201E637A28A84A2E00CD89D1 /* Extensions.swift in Sources */,
				201E635F28A848D900CD89D1 /* Opacity.swift in Sources */,
				01CD146028C2451E00A48693 /* ComponentListView.swift in Sources */,
				20654F3A28A963D900F1699E /* FileViewManager.swift in Sources */,
				201E635B28A848D900CD89D1 /* Border.swift in Sources */,
				201E634228A847A300CD89D1 /* TrecoProductSetupApp.swift in Sources */,
				201E638128A8505400CD89D1 /* ServerManager.swift in Sources */,
				201E635E28A848D900CD89D1 /* TokensManager.swift in Sources */,
			);
			runOnlyForDeploymentPostprocessing = 0;
		};
		202BEA7A28A6F7C000633C64 /* Sources */ = {
			isa = PBXSourcesBuildPhase;
			buildActionMask = 2147483647;
			files = (
				201E638628A8560800CD89D1 /* SDServerSettings.swift in Sources */,
				0124982128AD75D1001C2229 /* SDButtonComponent.swift in Sources */,
				20132E0028A7FDB30072773E /* SDRemoteImageComponent.swift in Sources */,
				0149C55728AB016D00A51301 /* SDServiceCarouselComponent.swift in Sources */,
				2010062528A7DD100095E327 /* Border.swift in Sources */,
				20132E2528A815450072773E /* SDStatusBarStyle.swift in Sources */,
				01FCEC3C28AC2C1700525445 /* SDSectionComponent.swift in Sources */,
				015F374428AAF905005FB696 /* SDButtonRowComponent.swift in Sources */,
				20132E0C28A805D40072773E /* SDView.swift in Sources */,
				20132E1B28A80EF50072773E /* SDLocalViews.swift in Sources */,
				20132E0F28A805D40072773E /* SDComponent.swift in Sources */,
				20D101A928A7EC900094A0F9 /* Coordinator.swift in Sources */,
				20132E2728A816120072773E /* VisibleModifier.swift in Sources */,
				2010062328A7DC390095E327 /* TokensManager.swift in Sources */,
				20132E2328A812A80072773E /* SDProductSettings.swift in Sources */,
				20132E0D28A805D40072773E /* SDNavigationBar.swift in Sources */,
				2010062728A7DE190095E327 /* Opacity.swift in Sources */,
				20132E1428A807490072773E /* SDComponentType.swift in Sources */,
				201E638C28A85CB300CD89D1 /* Task+Extensions.swift in Sources */,
				0124982328AD798C001C2229 /* SDHeaderComponent.swift in Sources */,
				2031D8FA28A7D6D30079F62B /* Colors.swift in Sources */,
				0149C55928AB094200A51301 /* SDSpacerComponent.swift in Sources */,
				2010062B28A7DEDA0095E327 /* Spacing.swift in Sources */,
				0124982528AD7C3A001C2229 /* SDNavigationAction.swift in Sources */,
				20132DFE28A7F8540072773E /* Extensions.swift in Sources */,
				20D101AD28A7EF940094A0F9 /* SceneDelegate.swift in Sources */,
				20132E2028A810CD0072773E /* SDLoadingView.swift in Sources */,
				2010062928A7DE420095E327 /* Shadow.swift in Sources */,
				0124983128AD7F09001C2229 /* SDAction.swift in Sources */,
				20132E0328A804A60072773E /* SDGenericViewController.swift in Sources */,
				20D101AB28A7EE290094A0F9 /* AppDelegate.swift in Sources */,
				20132E0B28A805D40072773E /* SDAnyComponent.swift in Sources */,
				20132E1928A80CC90072773E /* SDNetwork.swift in Sources */,
				0124982F28AD7EFA001C2229 /* SDAnyAction.swift in Sources */,
				0124982D28AD7EE8001C2229 /* SDActionType.swift in Sources */,
				20132E0428A804A60072773E /* SDGenericView.swift in Sources */,
				20132E0E28A805D40072773E /* SDViewSettings.swift in Sources */,
				2010062D28A7DF3E0095E327 /* Fonts.swift in Sources */,
			);
			runOnlyForDeploymentPostprocessing = 0;
		};
/* End PBXSourcesBuildPhase section */

/* Begin XCBuildConfiguration section */
		201E634B28A847A500CD89D1 /* Debug */ = {
			isa = XCBuildConfiguration;
			buildSettings = {
				ASSETCATALOG_COMPILER_APPICON_NAME = AppIcon;
				ASSETCATALOG_COMPILER_GLOBAL_ACCENT_COLOR_NAME = AccentColor;
				CODE_SIGN_ENTITLEMENTS = TrecoProductSetup/TrecoProductSetup.entitlements;
				CODE_SIGN_IDENTITY = "-";
				CODE_SIGN_STYLE = Automatic;
				COMBINE_HIDPI_IMAGES = YES;
				CURRENT_PROJECT_VERSION = 1;
				DEVELOPMENT_ASSET_PATHS = "\"TrecoProductSetup/Preview Content\"";
				DEVELOPMENT_TEAM = FS3B5ULP9R;
				ENABLE_HARDENED_RUNTIME = YES;
				ENABLE_PREVIEWS = YES;
				GENERATE_INFOPLIST_FILE = YES;
				INFOPLIST_KEY_NSHumanReadableCopyright = "";
				LD_RUNPATH_SEARCH_PATHS = (
					"$(inherited)",
					"@executable_path/../Frameworks",
				);
				MACOSX_DEPLOYMENT_TARGET = 11.6;
				MARKETING_VERSION = 1.0;
				PRODUCT_BUNDLE_IDENTIFIER = continegeovana.TrecoProductSetup;
				PRODUCT_NAME = "$(TARGET_NAME)";
				SDKROOT = macosx;
				SWIFT_EMIT_LOC_STRINGS = YES;
				SWIFT_VERSION = 5.0;
			};
			name = Debug;
		};
		201E634C28A847A500CD89D1 /* Release */ = {
			isa = XCBuildConfiguration;
			buildSettings = {
				ASSETCATALOG_COMPILER_APPICON_NAME = AppIcon;
				ASSETCATALOG_COMPILER_GLOBAL_ACCENT_COLOR_NAME = AccentColor;
				CODE_SIGN_ENTITLEMENTS = TrecoProductSetup/TrecoProductSetup.entitlements;
				CODE_SIGN_IDENTITY = "-";
				CODE_SIGN_STYLE = Automatic;
				COMBINE_HIDPI_IMAGES = YES;
				CURRENT_PROJECT_VERSION = 1;
				DEVELOPMENT_ASSET_PATHS = "\"TrecoProductSetup/Preview Content\"";
				DEVELOPMENT_TEAM = FS3B5ULP9R;
				ENABLE_HARDENED_RUNTIME = YES;
				ENABLE_PREVIEWS = YES;
				GENERATE_INFOPLIST_FILE = YES;
				INFOPLIST_KEY_NSHumanReadableCopyright = "";
				LD_RUNPATH_SEARCH_PATHS = (
					"$(inherited)",
					"@executable_path/../Frameworks",
				);
				MACOSX_DEPLOYMENT_TARGET = 11.6;
				MARKETING_VERSION = 1.0;
				PRODUCT_BUNDLE_IDENTIFIER = continegeovana.TrecoProductSetup;
				PRODUCT_NAME = "$(TARGET_NAME)";
				SDKROOT = macosx;
				SWIFT_EMIT_LOC_STRINGS = YES;
				SWIFT_VERSION = 5.0;
			};
			name = Release;
		};
		202BEA8A28A6F7C200633C64 /* Debug */ = {
			isa = XCBuildConfiguration;
			buildSettings = {
				ALWAYS_SEARCH_USER_PATHS = NO;
				CLANG_ANALYZER_NONNULL = YES;
				CLANG_ANALYZER_NUMBER_OBJECT_CONVERSION = YES_AGGRESSIVE;
				CLANG_CXX_LANGUAGE_STANDARD = "gnu++17";
				CLANG_CXX_LIBRARY = "libc++";
				CLANG_ENABLE_MODULES = YES;
				CLANG_ENABLE_OBJC_ARC = YES;
				CLANG_ENABLE_OBJC_WEAK = YES;
				CLANG_WARN_BLOCK_CAPTURE_AUTORELEASING = YES;
				CLANG_WARN_BOOL_CONVERSION = YES;
				CLANG_WARN_COMMA = YES;
				CLANG_WARN_CONSTANT_CONVERSION = YES;
				CLANG_WARN_DEPRECATED_OBJC_IMPLEMENTATIONS = YES;
				CLANG_WARN_DIRECT_OBJC_ISA_USAGE = YES_ERROR;
				CLANG_WARN_DOCUMENTATION_COMMENTS = YES;
				CLANG_WARN_EMPTY_BODY = YES;
				CLANG_WARN_ENUM_CONVERSION = YES;
				CLANG_WARN_INFINITE_RECURSION = YES;
				CLANG_WARN_INT_CONVERSION = YES;
				CLANG_WARN_NON_LITERAL_NULL_CONVERSION = YES;
				CLANG_WARN_OBJC_IMPLICIT_RETAIN_SELF = YES;
				CLANG_WARN_OBJC_LITERAL_CONVERSION = YES;
				CLANG_WARN_OBJC_ROOT_CLASS = YES_ERROR;
				CLANG_WARN_QUOTED_INCLUDE_IN_FRAMEWORK_HEADER = YES;
				CLANG_WARN_RANGE_LOOP_ANALYSIS = YES;
				CLANG_WARN_STRICT_PROTOTYPES = YES;
				CLANG_WARN_SUSPICIOUS_MOVE = YES;
				CLANG_WARN_UNGUARDED_AVAILABILITY = YES_AGGRESSIVE;
				CLANG_WARN_UNREACHABLE_CODE = YES;
				CLANG_WARN__DUPLICATE_METHOD_MATCH = YES;
				COPY_PHASE_STRIP = NO;
				DEBUG_INFORMATION_FORMAT = dwarf;
				ENABLE_STRICT_OBJC_MSGSEND = YES;
				ENABLE_TESTABILITY = YES;
				GCC_C_LANGUAGE_STANDARD = gnu11;
				GCC_DYNAMIC_NO_PIC = NO;
				GCC_NO_COMMON_BLOCKS = YES;
				GCC_OPTIMIZATION_LEVEL = 0;
				GCC_PREPROCESSOR_DEFINITIONS = (
					"DEBUG=1",
					"$(inherited)",
				);
				GCC_WARN_64_TO_32_BIT_CONVERSION = YES;
				GCC_WARN_ABOUT_RETURN_TYPE = YES_ERROR;
				GCC_WARN_UNDECLARED_SELECTOR = YES;
				GCC_WARN_UNINITIALIZED_AUTOS = YES_AGGRESSIVE;
				GCC_WARN_UNUSED_FUNCTION = YES;
				GCC_WARN_UNUSED_VARIABLE = YES;
				IPHONEOS_DEPLOYMENT_TARGET = 15.0;
				MTL_ENABLE_DEBUG_INFO = INCLUDE_SOURCE;
				MTL_FAST_MATH = YES;
				ONLY_ACTIVE_ARCH = YES;
				SDKROOT = iphoneos;
				SWIFT_ACTIVE_COMPILATION_CONDITIONS = DEBUG;
				SWIFT_OPTIMIZATION_LEVEL = "-Onone";
			};
			name = Debug;
		};
		202BEA8B28A6F7C200633C64 /* Release */ = {
			isa = XCBuildConfiguration;
			buildSettings = {
				ALWAYS_SEARCH_USER_PATHS = NO;
				CLANG_ANALYZER_NONNULL = YES;
				CLANG_ANALYZER_NUMBER_OBJECT_CONVERSION = YES_AGGRESSIVE;
				CLANG_CXX_LANGUAGE_STANDARD = "gnu++17";
				CLANG_CXX_LIBRARY = "libc++";
				CLANG_ENABLE_MODULES = YES;
				CLANG_ENABLE_OBJC_ARC = YES;
				CLANG_ENABLE_OBJC_WEAK = YES;
				CLANG_WARN_BLOCK_CAPTURE_AUTORELEASING = YES;
				CLANG_WARN_BOOL_CONVERSION = YES;
				CLANG_WARN_COMMA = YES;
				CLANG_WARN_CONSTANT_CONVERSION = YES;
				CLANG_WARN_DEPRECATED_OBJC_IMPLEMENTATIONS = YES;
				CLANG_WARN_DIRECT_OBJC_ISA_USAGE = YES_ERROR;
				CLANG_WARN_DOCUMENTATION_COMMENTS = YES;
				CLANG_WARN_EMPTY_BODY = YES;
				CLANG_WARN_ENUM_CONVERSION = YES;
				CLANG_WARN_INFINITE_RECURSION = YES;
				CLANG_WARN_INT_CONVERSION = YES;
				CLANG_WARN_NON_LITERAL_NULL_CONVERSION = YES;
				CLANG_WARN_OBJC_IMPLICIT_RETAIN_SELF = YES;
				CLANG_WARN_OBJC_LITERAL_CONVERSION = YES;
				CLANG_WARN_OBJC_ROOT_CLASS = YES_ERROR;
				CLANG_WARN_QUOTED_INCLUDE_IN_FRAMEWORK_HEADER = YES;
				CLANG_WARN_RANGE_LOOP_ANALYSIS = YES;
				CLANG_WARN_STRICT_PROTOTYPES = YES;
				CLANG_WARN_SUSPICIOUS_MOVE = YES;
				CLANG_WARN_UNGUARDED_AVAILABILITY = YES_AGGRESSIVE;
				CLANG_WARN_UNREACHABLE_CODE = YES;
				CLANG_WARN__DUPLICATE_METHOD_MATCH = YES;
				COPY_PHASE_STRIP = NO;
				DEBUG_INFORMATION_FORMAT = "dwarf-with-dsym";
				ENABLE_NS_ASSERTIONS = NO;
				ENABLE_STRICT_OBJC_MSGSEND = YES;
				GCC_C_LANGUAGE_STANDARD = gnu11;
				GCC_NO_COMMON_BLOCKS = YES;
				GCC_WARN_64_TO_32_BIT_CONVERSION = YES;
				GCC_WARN_ABOUT_RETURN_TYPE = YES_ERROR;
				GCC_WARN_UNDECLARED_SELECTOR = YES;
				GCC_WARN_UNINITIALIZED_AUTOS = YES_AGGRESSIVE;
				GCC_WARN_UNUSED_FUNCTION = YES;
				GCC_WARN_UNUSED_VARIABLE = YES;
				IPHONEOS_DEPLOYMENT_TARGET = 15.0;
				MTL_ENABLE_DEBUG_INFO = NO;
				MTL_FAST_MATH = YES;
				SDKROOT = iphoneos;
				SWIFT_COMPILATION_MODE = wholemodule;
				SWIFT_OPTIMIZATION_LEVEL = "-O";
				VALIDATE_PRODUCT = YES;
			};
			name = Release;
		};
		202BEA8D28A6F7C200633C64 /* Debug */ = {
			isa = XCBuildConfiguration;
			buildSettings = {
				ASSETCATALOG_COMPILER_APPICON_NAME = AppIcon;
				ASSETCATALOG_COMPILER_GLOBAL_ACCENT_COLOR_NAME = AccentColor;
				CODE_SIGN_STYLE = Automatic;
				CURRENT_PROJECT_VERSION = 1;
				DEVELOPMENT_ASSET_PATHS = "\"TrecoUI/App/Preview Content\"";
				DEVELOPMENT_TEAM = FS3B5ULP9R;
				ENABLE_PREVIEWS = YES;
				GENERATE_INFOPLIST_FILE = YES;
				INFOPLIST_FILE = TrecoUI/Info.plist;
				INFOPLIST_KEY_UIApplicationSceneManifest_Generation = YES;
				INFOPLIST_KEY_UIApplicationSupportsIndirectInputEvents = YES;
				INFOPLIST_KEY_UILaunchScreen_Generation = YES;
				INFOPLIST_KEY_UISupportedInterfaceOrientations = UIInterfaceOrientationPortrait;
				INFOPLIST_KEY_UISupportedInterfaceOrientations_iPad = "UIInterfaceOrientationPortrait UIInterfaceOrientationPortraitUpsideDown UIInterfaceOrientationLandscapeLeft UIInterfaceOrientationLandscapeRight";
				INFOPLIST_KEY_UISupportedInterfaceOrientations_iPhone = "UIInterfaceOrientationPortrait UIInterfaceOrientationLandscapeLeft UIInterfaceOrientationLandscapeRight";
				LD_RUNPATH_SEARCH_PATHS = (
					"$(inherited)",
					"@executable_path/Frameworks",
				);
				MARKETING_VERSION = 1.0;
				PRODUCT_BUNDLE_IDENTIFIER = continegeovana.TrecoUI;
				PRODUCT_NAME = "$(TARGET_NAME)";
				SWIFT_EMIT_LOC_STRINGS = YES;
				SWIFT_VERSION = 5.0;
				TARGETED_DEVICE_FAMILY = 1;
			};
			name = Debug;
		};
		202BEA8E28A6F7C200633C64 /* Release */ = {
			isa = XCBuildConfiguration;
			buildSettings = {
				ASSETCATALOG_COMPILER_APPICON_NAME = AppIcon;
				ASSETCATALOG_COMPILER_GLOBAL_ACCENT_COLOR_NAME = AccentColor;
				CODE_SIGN_STYLE = Automatic;
				CURRENT_PROJECT_VERSION = 1;
				DEVELOPMENT_ASSET_PATHS = "\"TrecoUI/App/Preview Content\"";
				DEVELOPMENT_TEAM = FS3B5ULP9R;
				ENABLE_PREVIEWS = YES;
				GENERATE_INFOPLIST_FILE = YES;
				INFOPLIST_FILE = TrecoUI/Info.plist;
				INFOPLIST_KEY_UIApplicationSceneManifest_Generation = YES;
				INFOPLIST_KEY_UIApplicationSupportsIndirectInputEvents = YES;
				INFOPLIST_KEY_UILaunchScreen_Generation = YES;
				INFOPLIST_KEY_UISupportedInterfaceOrientations = UIInterfaceOrientationPortrait;
				INFOPLIST_KEY_UISupportedInterfaceOrientations_iPad = "UIInterfaceOrientationPortrait UIInterfaceOrientationPortraitUpsideDown UIInterfaceOrientationLandscapeLeft UIInterfaceOrientationLandscapeRight";
				INFOPLIST_KEY_UISupportedInterfaceOrientations_iPhone = "UIInterfaceOrientationPortrait UIInterfaceOrientationLandscapeLeft UIInterfaceOrientationLandscapeRight";
				LD_RUNPATH_SEARCH_PATHS = (
					"$(inherited)",
					"@executable_path/Frameworks",
				);
				MARKETING_VERSION = 1.0;
				PRODUCT_BUNDLE_IDENTIFIER = continegeovana.TrecoUI;
				PRODUCT_NAME = "$(TARGET_NAME)";
				SWIFT_EMIT_LOC_STRINGS = YES;
				SWIFT_VERSION = 5.0;
				TARGETED_DEVICE_FAMILY = 1;
			};
			name = Release;
		};
/* End XCBuildConfiguration section */

/* Begin XCConfigurationList section */
		201E634D28A847A500CD89D1 /* Build configuration list for PBXNativeTarget "Product Setup" */ = {
			isa = XCConfigurationList;
			buildConfigurations = (
				201E634B28A847A500CD89D1 /* Debug */,
				201E634C28A847A500CD89D1 /* Release */,
			);
			defaultConfigurationIsVisible = 0;
			defaultConfigurationName = Release;
		};
		202BEA7928A6F7C000633C64 /* Build configuration list for PBXProject "TrecoUI" */ = {
			isa = XCConfigurationList;
			buildConfigurations = (
				202BEA8A28A6F7C200633C64 /* Debug */,
				202BEA8B28A6F7C200633C64 /* Release */,
			);
			defaultConfigurationIsVisible = 0;
			defaultConfigurationName = Release;
		};
		202BEA8C28A6F7C200633C64 /* Build configuration list for PBXNativeTarget "TrecoUI" */ = {
			isa = XCConfigurationList;
			buildConfigurations = (
				202BEA8D28A6F7C200633C64 /* Debug */,
				202BEA8E28A6F7C200633C64 /* Release */,
			);
			defaultConfigurationIsVisible = 0;
			defaultConfigurationName = Release;
		};
/* End XCConfigurationList section */

/* Begin XCRemoteSwiftPackageReference section */
		01C2998F28B56879009DEC87 /* XCRemoteSwiftPackageReference "CodeEditor" */ = {
			isa = XCRemoteSwiftPackageReference;
			repositoryURL = "https://github.com/ZeeZide/CodeEditor";
			requirement = {
				kind = upToNextMajorVersion;
				minimumVersion = 1.0.0;
			};
		};
		201E637D28A84C7800CD89D1 /* XCRemoteSwiftPackageReference "swifter" */ = {
			isa = XCRemoteSwiftPackageReference;
			repositoryURL = "https://github.com/httpswift/swifter";
			requirement = {
				kind = upToNextMajorVersion;
				minimumVersion = 1.0.0;
			};
		};
		201E638828A85A7100CD89D1 /* XCRemoteSwiftPackageReference "swiftui-pull-to-refresh" */ = {
			isa = XCRemoteSwiftPackageReference;
			repositoryURL = "https://github.com/globulus/swiftui-pull-to-refresh";
			requirement = {
				kind = upToNextMajorVersion;
				minimumVersion = 1.0.0;
			};
		};
/* End XCRemoteSwiftPackageReference section */

/* Begin XCSwiftPackageProductDependency section */
		01C2999028B56879009DEC87 /* CodeEditor */ = {
			isa = XCSwiftPackageProductDependency;
			package = 01C2998F28B56879009DEC87 /* XCRemoteSwiftPackageReference "CodeEditor" */;
			productName = CodeEditor;
		};
		201E637E28A84C7800CD89D1 /* Swifter */ = {
			isa = XCSwiftPackageProductDependency;
			package = 201E637D28A84C7800CD89D1 /* XCRemoteSwiftPackageReference "swifter" */;
			productName = Swifter;
		};
		201E638928A85A7100CD89D1 /* SwiftUIPullToRefresh */ = {
			isa = XCSwiftPackageProductDependency;
			package = 201E638828A85A7100CD89D1 /* XCRemoteSwiftPackageReference "swiftui-pull-to-refresh" */;
			productName = SwiftUIPullToRefresh;
		};
/* End XCSwiftPackageProductDependency section */
	};
	rootObject = 202BEA7628A6F7C000633C64 /* Project object */;
}
